
Microsoft Visual Studio Solution File, Format Version 12.00
# Visual Studio Version 17
VisualStudioVersion = 17.14.36121.58
MinimumVisualStudioVersion = 10.0.40219.1
Project("{FAE04EC0-301F-11D3-BF4B-00C04F79EFBC}") = "ConsoleApp1", "ConsoleApp1\ConsoleApp1.csproj", "{AB0DA739-D8A7-46F6-A206-FD88DB1EF907}"
EndProject
Project("{FAE04EC0-301F-11D3-BF4B-00C04F79EFBC}") = "GenerateCaptcha", "GenerateCaptcha\GenerateCaptcha.csproj", "{92673678-5F0A-425E-8D4B-D633FF3309A5}"
EndProject
Global
	GlobalSection(SolutionConfigurationPlatforms) = preSolution
		Debug|Any CPU = Debug|Any CPU
		Debug|x64 = Debug|x64
		Debug|x86 = Debug|x86
		Release|Any CPU = Release|Any CPU
		Release|x64 = Release|x64
		Release|x86 = Release|x86
	EndGlobalSection
	GlobalSection(ProjectConfigurationPlatforms) = postSolution
		{AB0DA739-D8A7-46F6-A206-FD88DB1EF907}.Debug|Any CPU.ActiveCfg = Debug|Any CPU
		{AB0DA739-D8A7-46F6-A206-FD88DB1EF907}.Debug|Any CPU.Build.0 = Debug|Any CPU
		{AB0DA739-D8A7-46F6-A206-FD88DB1EF907}.Debug|x64.ActiveCfg = Debug|Any CPU
		{AB0DA739-D8A7-46F6-A206-FD88DB1EF907}.Debug|x64.Build.0 = Debug|Any CPU
		{AB0DA739-D8A7-46F6-A206-FD88DB1EF907}.Debug|x86.ActiveCfg = Debug|Any CPU
		{AB0DA739-D8A7-46F6-A206-FD88DB1EF907}.Debug|x86.Build.0 = Debug|Any CPU
		{AB0DA739-D8A7-46F6-A206-FD88DB1EF907}.Release|Any CPU.ActiveCfg = Release|Any CPU
		{AB0DA739-D8A7-46F6-A206-FD88DB1EF907}.Release|Any CPU.Build.0 = Release|Any CPU
		{AB0DA739-D8A7-46F6-A206-FD88DB1EF907}.Release|x64.ActiveCfg = Release|Any CPU
		{AB0DA739-D8A7-46F6-A206-FD88DB1EF907}.Release|x64.Build.0 = Release|Any CPU
		{AB0DA739-D8A7-46F6-A206-FD88DB1EF907}.Release|x86.ActiveCfg = Release|Any CPU
		{AB0DA739-D8A7-46F6-A206-FD88DB1EF907}.Release|x86.Build.0 = Release|Any CPU
		{92673678-5F0A-425E-8D4B-D633FF3309A5}.Debug|Any CPU.ActiveCfg = Debug|Any CPU
		{92673678-5F0A-425E-8D4B-D633FF3309A5}.Debug|Any CPU.Build.0 = Debug|Any CPU
		{92673678-5F0A-425E-8D4B-D633FF3309A5}.Debug|x64.ActiveCfg = Debug|Any CPU
		{92673678-5F0A-425E-8D4B-D633FF3309A5}.Debug|x64.Build.0 = Debug|Any CPU
		{92673678-5F0A-425E-8D4B-D633FF3309A5}.Debug|x86.ActiveCfg = Debug|Any CPU
		{92673678-5F0A-425E-8D4B-D633FF3309A5}.Debug|x86.Build.0 = Debug|Any CPU
		{92673678-5F0A-425E-8D4B-D633FF3309A5}.Release|Any CPU.ActiveCfg = Release|Any CPU
		{92673678-5F0A-425E-8D4B-D633FF3309A5}.Release|Any CPU.Build.0 = Release|Any CPU
		{92673678-5F0A-425E-8D4B-D633FF3309A5}.Release|x64.ActiveCfg = Release|Any CPU
		{92673678-5F0A-425E-8D4B-D633FF3309A5}.Release|x64.Build.0 = Release|Any CPU
		{92673678-5F0A-425E-8D4B-D633FF3309A5}.Release|x86.ActiveCfg = Release|Any CPU
		{92673678-5F0A-425E-8D4B-D633FF3309A5}.Release|x86.Build.0 = Release|Any CPU
	EndGlobalSection
	GlobalSection(SolutionProperties) = preSolution
		HideSolutionNode = FALSE
	EndGlobalSection
	GlobalSection(ExtensibilityGlobals) = postSolution
		SolutionGuid = {20A48B46-B3CA-4401-8791-A9C889F55747}
	EndGlobalSection
EndGlobal
